// !$*UTF8*$!
{
	archiveVersion = 1;
	classes = {
	};
	objectVersion = 55;
	objects = {

/* Begin PBXBuildFile section */
		A4160F512754A8CF0018243A /* AppDelegate.swift in Sources */ = {isa = PBXBuildFile; fileRef = A4160F502754A8CF0018243A /* AppDelegate.swift */; };
		A4160F532754A8CF0018243A /* SceneDelegate.swift in Sources */ = {isa = PBXBuildFile; fileRef = A4160F522754A8CF0018243A /* SceneDelegate.swift */; };
		A4160F552754A8CF0018243A /* ViewController.swift in Sources */ = {isa = PBXBuildFile; fileRef = A4160F542754A8CF0018243A /* ViewController.swift */; };
		A4160F582754A8CF0018243A /* Main.storyboard in Resources */ = {isa = PBXBuildFile; fileRef = A4160F562754A8CF0018243A /* Main.storyboard */; };
		A4160F5A2754A8D30018243A /* Assets.xcassets in Resources */ = {isa = PBXBuildFile; fileRef = A4160F592754A8D30018243A /* Assets.xcassets */; };
		A4160F5D2754A8D30018243A /* LaunchScreen.storyboard in Resources */ = {isa = PBXBuildFile; fileRef = A4160F5B2754A8D30018243A /* LaunchScreen.storyboard */; };
		A4160F682754A8D30018243A /* CustomKeyboardTests.swift in Sources */ = {isa = PBXBuildFile; fileRef = A4160F672754A8D30018243A /* CustomKeyboardTests.swift */; };
		A4160F722754A8D30018243A /* CustomKeyboardUITests.swift in Sources */ = {isa = PBXBuildFile; fileRef = A4160F712754A8D30018243A /* CustomKeyboardUITests.swift */; };
		A4160F742754A8D30018243A /* CustomKeyboardUITestsLaunchTests.swift in Sources */ = {isa = PBXBuildFile; fileRef = A4160F732754A8D30018243A /* CustomKeyboardUITestsLaunchTests.swift */; };
		A4160F812754B6EB0018243A /* KeypadCell.swift in Sources */ = {isa = PBXBuildFile; fileRef = A4160F802754B6EB0018243A /* KeypadCell.swift */; };
		A4160F832755CFAE0018243A /* PulseAnimation.swift in Sources */ = {isa = PBXBuildFile; fileRef = A4160F822755CFAD0018243A /* PulseAnimation.swift */; };
		A4160F8727572E8E0018243A /* RippleButton.swift in Sources */ = {isa = PBXBuildFile; fileRef = A4160F8627572E8E0018243A /* RippleButton.swift */; };
/* End PBXBuildFile section */

/* Begin PBXContainerItemProxy section */
		A4160F642754A8D30018243A /* PBXContainerItemProxy */ = {
			isa = PBXContainerItemProxy;
			containerPortal = A4160F452754A8CF0018243A /* Project object */;
			proxyType = 1;
			remoteGlobalIDString = A4160F4C2754A8CF0018243A;
			remoteInfo = CustomKeyboard;
		};
		A4160F6E2754A8D30018243A /* PBXContainerItemProxy */ = {
			isa = PBXContainerItemProxy;
			containerPortal = A4160F452754A8CF0018243A /* Project object */;
			proxyType = 1;
			remoteGlobalIDString = A4160F4C2754A8CF0018243A;
			remoteInfo = CustomKeyboard;
		};
/* End PBXContainerItemProxy section */

/* Begin PBXFileReference section */
		A4160F4D2754A8CF0018243A /* CustomKeyboard.app */ = {isa = PBXFileReference; explicitFileType = wrapper.application; includeInIndex = 0; path = CustomKeyboard.app; sourceTree = BUILT_PRODUCTS_DIR; };
		A4160F502754A8CF0018243A /* AppDelegate.swift */ = {isa = PBXFileReference; lastKnownFileType = sourcecode.swift; path = AppDelegate.swift; sourceTree = "<group>"; };
		A4160F522754A8CF0018243A /* SceneDelegate.swift */ = {isa = PBXFileReference; lastKnownFileType = sourcecode.swift; path = SceneDelegate.swift; sourceTree = "<group>"; };
		A4160F542754A8CF0018243A /* ViewController.swift */ = {isa = PBXFileReference; lastKnownFileType = sourcecode.swift; path = ViewController.swift; sourceTree = "<group>"; };
		A4160F572754A8CF0018243A /* Base */ = {isa = PBXFileReference; lastKnownFileType = file.storyboard; name = Base; path = Base.lproj/Main.storyboard; sourceTree = "<group>"; };
		A4160F592754A8D30018243A /* Assets.xcassets */ = {isa = PBXFileReference; lastKnownFileType = folder.assetcatalog; path = Assets.xcassets; sourceTree = "<group>"; };
		A4160F5C2754A8D30018243A /* Base */ = {isa = PBXFileReference; lastKnownFileType = file.storyboard; name = Base; path = Base.lproj/LaunchScreen.storyboard; sourceTree = "<group>"; };
		A4160F5E2754A8D30018243A /* Info.plist */ = {isa = PBXFileReference; lastKnownFileType = text.plist.xml; path = Info.plist; sourceTree = "<group>"; };
		A4160F632754A8D30018243A /* CustomKeyboardTests.xctest */ = {isa = PBXFileReference; explicitFileType = wrapper.cfbundle; includeInIndex = 0; path = CustomKeyboardTests.xctest; sourceTree = BUILT_PRODUCTS_DIR; };
		A4160F672754A8D30018243A /* CustomKeyboardTests.swift */ = {isa = PBXFileReference; lastKnownFileType = sourcecode.swift; path = CustomKeyboardTests.swift; sourceTree = "<group>"; };
		A4160F6D2754A8D30018243A /* CustomKeyboardUITests.xctest */ = {isa = PBXFileReference; explicitFileType = wrapper.cfbundle; includeInIndex = 0; path = CustomKeyboardUITests.xctest; sourceTree = BUILT_PRODUCTS_DIR; };
		A4160F712754A8D30018243A /* CustomKeyboardUITests.swift */ = {isa = PBXFileReference; lastKnownFileType = sourcecode.swift; path = CustomKeyboardUITests.swift; sourceTree = "<group>"; };
		A4160F732754A8D30018243A /* CustomKeyboardUITestsLaunchTests.swift */ = {isa = PBXFileReference; lastKnownFileType = sourcecode.swift; path = CustomKeyboardUITestsLaunchTests.swift; sourceTree = "<group>"; };
		A4160F802754B6EB0018243A /* KeypadCell.swift */ = {isa = PBXFileReference; lastKnownFileType = sourcecode.swift; path = KeypadCell.swift; sourceTree = "<group>"; };
		A4160F822755CFAD0018243A /* PulseAnimation.swift */ = {isa = PBXFileReference; lastKnownFileType = sourcecode.swift; path = PulseAnimation.swift; sourceTree = "<group>"; };
		A4160F8627572E8E0018243A /* RippleButton.swift */ = {isa = PBXFileReference; lastKnownFileType = sourcecode.swift; path = RippleButton.swift; sourceTree = "<group>"; };
/* End PBXFileReference section */

/* Begin PBXFrameworksBuildPhase section */
		A4160F4A2754A8CF0018243A /* Frameworks */ = {
			isa = PBXFrameworksBuildPhase;
			buildActionMask = 2147483647;
			files = (
			);
			runOnlyForDeploymentPostprocessing = 0;
		};
		A4160F602754A8D30018243A /* Frameworks */ = {
			isa = PBXFrameworksBuildPhase;
			buildActionMask = 2147483647;
			files = (
			);
			runOnlyForDeploymentPostprocessing = 0;
		};
		A4160F6A2754A8D30018243A /* Frameworks */ = {
			isa = PBXFrameworksBuildPhase;
			buildActionMask = 2147483647;
			files = (
			);
			runOnlyForDeploymentPostprocessing = 0;
		};
/* End PBXFrameworksBuildPhase section */

/* Begin PBXGroup section */
		A4160F442754A8CF0018243A = {
			isa = PBXGroup;
			children = (
				A4160F4F2754A8CF0018243A /* CustomKeyboard */,
				A4160F662754A8D30018243A /* CustomKeyboardTests */,
				A4160F702754A8D30018243A /* CustomKeyboardUITests */,
				A4160F4E2754A8CF0018243A /* Products */,
			);
			sourceTree = "<group>";
		};
		A4160F4E2754A8CF0018243A /* Products */ = {
			isa = PBXGroup;
			children = (
				A4160F4D2754A8CF0018243A /* CustomKeyboard.app */,
				A4160F632754A8D30018243A /* CustomKeyboardTests.xctest */,
				A4160F6D2754A8D30018243A /* CustomKeyboardUITests.xctest */,
			);
			name = Products;
			sourceTree = "<group>";
		};
		A4160F4F2754A8CF0018243A /* CustomKeyboard */ = {
			isa = PBXGroup;
			children = (
				A4160F502754A8CF0018243A /* AppDelegate.swift */,
				A4160F522754A8CF0018243A /* SceneDelegate.swift */,
				A4160F542754A8CF0018243A /* ViewController.swift */,
				A4160F562754A8CF0018243A /* Main.storyboard */,
				A4160F592754A8D30018243A /* Assets.xcassets */,
				A4160F5B2754A8D30018243A /* LaunchScreen.storyboard */,
				A4160F5E2754A8D30018243A /* Info.plist */,
				A4160F802754B6EB0018243A /* KeypadCell.swift */,
				A4160F822755CFAD0018243A /* PulseAnimation.swift */,
				A4160F8627572E8E0018243A /* RippleButton.swift */,
			);
			path = CustomKeyboard;
			sourceTree = "<group>";
		};
		A4160F662754A8D30018243A /* CustomKeyboardTests */ = {
			isa = PBXGroup;
			children = (
				A4160F672754A8D30018243A /* CustomKeyboardTests.swift */,
			);
			path = CustomKeyboardTests;
			sourceTree = "<group>";
		};
		A4160F702754A8D30018243A /* CustomKeyboardUITests */ = {
			isa = PBXGroup;
			children = (
				A4160F712754A8D30018243A /* CustomKeyboardUITests.swift */,
				A4160F732754A8D30018243A /* CustomKeyboardUITestsLaunchTests.swift */,
			);
			path = CustomKeyboardUITests;
			sourceTree = "<group>";
		};
/* End PBXGroup section */

/* Begin PBXNativeTarget section */
		A4160F4C2754A8CF0018243A /* CustomKeyboard */ = {
			isa = PBXNativeTarget;
			buildConfigurationList = A4160F772754A8D30018243A /* Build configuration list for PBXNativeTarget "CustomKeyboard" */;
			buildPhases = (
				A4160F492754A8CF0018243A /* Sources */,
				A4160F4A2754A8CF0018243A /* Frameworks */,
				A4160F4B2754A8CF0018243A /* Resources */,
			);
			buildRules = (
			);
			dependencies = (
			);
			name = CustomKeyboard;
			productName = CustomKeyboard;
			productReference = A4160F4D2754A8CF0018243A /* CustomKeyboard.app */;
			productType = "com.apple.product-type.application";
		};
		A4160F622754A8D30018243A /* CustomKeyboardTests */ = {
			isa = PBXNativeTarget;
			buildConfigurationList = A4160F7A2754A8D30018243A /* Build configuration list for PBXNativeTarget "CustomKeyboardTests" */;
			buildPhases = (
				A4160F5F2754A8D30018243A /* Sources */,
				A4160F602754A8D30018243A /* Frameworks */,
				A4160F612754A8D30018243A /* Resources */,
			);
			buildRules = (
			);
			dependencies = (
				A4160F652754A8D30018243A /* PBXTargetDependency */,
			);
			name = CustomKeyboardTests;
			productName = CustomKeyboardTests;
			productReference = A4160F632754A8D30018243A /* CustomKeyboardTests.xctest */;
			productType = "com.apple.product-type.bundle.unit-test";
		};
		A4160F6C2754A8D30018243A /* CustomKeyboardUITests */ = {
			isa = PBXNativeTarget;
			buildConfigurationList = A4160F7D2754A8D30018243A /* Build configuration list for PBXNativeTarget "CustomKeyboardUITests" */;
			buildPhases = (
				A4160F692754A8D30018243A /* Sources */,
				A4160F6A2754A8D30018243A /* Frameworks */,
				A4160F6B2754A8D30018243A /* Resources */,
			);
			buildRules = (
			);
			dependencies = (
				A4160F6F2754A8D30018243A /* PBXTargetDependency */,
			);
			name = CustomKeyboardUITests;
			productName = CustomKeyboardUITests;
			productReference = A4160F6D2754A8D30018243A /* CustomKeyboardUITests.xctest */;
			productType = "com.apple.product-type.bundle.ui-testing";
		};
/* End PBXNativeTarget section */

/* Begin PBXProject section */
		A4160F452754A8CF0018243A /* Project object */ = {
			isa = PBXProject;
			attributes = {
				BuildIndependentTargetsInParallel = 1;
				LastSwiftUpdateCheck = 1310;
				LastUpgradeCheck = 1310;
				TargetAttributes = {
					A4160F4C2754A8CF0018243A = {
						CreatedOnToolsVersion = 13.1;
					};
					A4160F622754A8D30018243A = {
						CreatedOnToolsVersion = 13.1;
						TestTargetID = A4160F4C2754A8CF0018243A;
					};
					A4160F6C2754A8D30018243A = {
						CreatedOnToolsVersion = 13.1;
						TestTargetID = A4160F4C2754A8CF0018243A;
					};
				};
			};
			buildConfigurationList = A4160F482754A8CF0018243A /* Build configuration list for PBXProject "CustomKeyboard" */;
			compatibilityVersion = "Xcode 13.0";
			developmentRegion = en;
			hasScannedForEncodings = 0;
			knownRegions = (
				en,
				Base,
			);
			mainGroup = A4160F442754A8CF0018243A;
			productRefGroup = A4160F4E2754A8CF0018243A /* Products */;
			projectDirPath = "";
			projectRoot = "";
			targets = (
				A4160F4C2754A8CF0018243A /* CustomKeyboard */,
				A4160F622754A8D30018243A /* CustomKeyboardTests */,
				A4160F6C2754A8D30018243A /* CustomKeyboardUITests */,
			);
		};
/* End PBXProject section */

/* Begin PBXResourcesBuildPhase section */
		A4160F4B2754A8CF0018243A /* Resources */ = {
			isa = PBXResourcesBuildPhase;
			buildActionMask = 2147483647;
			files = (
				A4160F5D2754A8D30018243A /* LaunchScreen.storyboard in Resources */,
				A4160F5A2754A8D30018243A /* Assets.xcassets in Resources */,
				A4160F582754A8CF0018243A /* Main.storyboard in Resources */,
			);
			runOnlyForDeploymentPostprocessing = 0;
		};
		A4160F612754A8D30018243A /* Resources */ = {
			isa = PBXResourcesBuildPhase;
			buildActionMask = 2147483647;
			files = (
			);
			runOnlyForDeploymentPostprocessing = 0;
		};
		A4160F6B2754A8D30018243A /* Resources */ = {
			isa = PBXResourcesBuildPhase;
			buildActionMask = 2147483647;
			files = (
			);
			runOnlyForDeploymentPostprocessing = 0;
		};
/* End PBXResourcesBuildPhase section */

/* Begin PBXSourcesBuildPhase section */
		A4160F492754A8CF0018243A /* Sources */ = {
			isa = PBXSourcesBuildPhase;
			buildActionMask = 2147483647;
			files = (
				A4160F552754A8CF0018243A /* ViewController.swift in Sources */,
				A4160F812754B6EB0018243A /* KeypadCell.swift in Sources */,
				A4160F512754A8CF0018243A /* AppDelegate.swift in Sources */,
				A4160F8727572E8E0018243A /* RippleButton.swift in Sources */,
				A4160F832755CFAE0018243A /* PulseAnimation.swift in Sources */,
				A4160F532754A8CF0018243A /* SceneDelegate.swift in Sources */,
			);
			runOnlyForDeploymentPostprocessing = 0;
		};
		A4160F5F2754A8D30018243A /* Sources */ = {
			isa = PBXSourcesBuildPhase;
			buildActionMask = 2147483647;
			files = (
				A4160F682754A8D30018243A /* CustomKeyboardTests.swift in Sources */,
			);
			runOnlyForDeploymentPostprocessing = 0;
		};
		A4160F692754A8D30018243A /* Sources */ = {
			isa = PBXSourcesBuildPhase;
			buildActionMask = 2147483647;
			files = (
				A4160F742754A8D30018243A /* CustomKeyboardUITestsLaunchTests.swift in Sources */,
				A4160F722754A8D30018243A /* CustomKeyboardUITests.swift in Sources */,
			);
			runOnlyForDeploymentPostprocessing = 0;
		};
/* End PBXSourcesBuildPhase section */

/* Begin PBXTargetDependency section */
		A4160F652754A8D30018243A /* PBXTargetDependency */ = {
			isa = PBXTargetDependency;
			target = A4160F4C2754A8CF0018243A /* CustomKeyboard */;
			targetProxy = A4160F642754A8D30018243A /* PBXContainerItemProxy */;
		};
		A4160F6F2754A8D30018243A /* PBXTargetDependency */ = {
			isa = PBXTargetDependency;
			target = A4160F4C2754A8CF0018243A /* CustomKeyboard */;
			targetProxy = A4160F6E2754A8D30018243A /* PBXContainerItemProxy */;
		};
/* End PBXTargetDependency section */

/* Begin PBXVariantGroup section */
		A4160F562754A8CF0018243A /* Main.storyboard */ = {
			isa = PBXVariantGroup;
			children = (
				A4160F572754A8CF0018243A /* Base */,
			);
			name = Main.storyboard;
			sourceTree = "<group>";
		};
		A4160F5B2754A8D30018243A /* LaunchScreen.storyboard */ = {
			isa = PBXVariantGroup;
			children = (
				A4160F5C2754A8D30018243A /* Base */,
			);
			name = LaunchScreen.storyboard;
			sourceTree = "<group>";
		};
/* End PBXVariantGroup section */

/* Begin XCBuildConfiguration section */
		A4160F752754A8D30018243A /* Debug */ = {
			isa = XCBuildConfiguration;
			buildSettings = {
				ALWAYS_SEARCH_USER_PATHS = NO;
				CLANG_ANALYZER_NONNULL = YES;
				CLANG_ANALYZER_NUMBER_OBJECT_CONVERSION = YES_AGGRESSIVE;
				CLANG_CXX_LANGUAGE_STANDARD = "gnu++17";
				CLANG_CXX_LIBRARY = "libc++";
				CLANG_ENABLE_MODULES = YES;
				CLANG_ENABLE_OBJC_ARC = YES;
				CLANG_ENABLE_OBJC_WEAK = YES;
				CLANG_WARN_BLOCK_CAPTURE_AUTORELEASING = YES;
				CLANG_WARN_BOOL_CONVERSION = YES;
				CLANG_WARN_COMMA = YES;
				CLANG_WARN_CONSTANT_CONVERSION = YES;
				CLANG_WARN_DEPRECATED_OBJC_IMPLEMENTATIONS = YES;
				CLANG_WARN_DIRECT_OBJC_ISA_USAGE = YES_ERROR;
				CLANG_WARN_DOCUMENTATION_COMMENTS = YES;
				CLANG_WARN_EMPTY_BODY = YES;
				CLANG_WARN_ENUM_CONVERSION = YES;
				CLANG_WARN_INFINITE_RECURSION = YES;
				CLANG_WARN_INT_CONVERSION = YES;
				CLANG_WARN_NON_LITERAL_NULL_CONVERSION = YES;
				CLANG_WARN_OBJC_IMPLICIT_RETAIN_SELF = YES;
				CLANG_WARN_OBJC_LITERAL_CONVERSION = YES;
				CLANG_WARN_OBJC_ROOT_CLASS = YES_ERROR;
				CLANG_WARN_QUOTED_INCLUDE_IN_FRAMEWORK_HEADER = YES;
				CLANG_WARN_RANGE_LOOP_ANALYSIS = YES;
				CLANG_WARN_STRICT_PROTOTYPES = YES;
				CLANG_WARN_SUSPICIOUS_MOVE = YES;
				CLANG_WARN_UNGUARDED_AVAILABILITY = YES_AGGRESSIVE;
				CLANG_WARN_UNREACHABLE_CODE = YES;
				CLANG_WARN__DUPLICATE_METHOD_MATCH = YES;
				COPY_PHASE_STRIP = NO;
				DEBUG_INFORMATION_FORMAT = dwarf;
				ENABLE_STRICT_OBJC_MSGSEND = YES;
				ENABLE_TESTABILITY = YES;
				GCC_C_LANGUAGE_STANDARD = gnu11;
				GCC_DYNAMIC_NO_PIC = NO;
				GCC_NO_COMMON_BLOCKS = YES;
				GCC_OPTIMIZATION_LEVEL = 0;
				GCC_PREPROCESSOR_DEFINITIONS = (
					"DEBUG=1",
					"$(inherited)",
				);
				GCC_WARN_64_TO_32_BIT_CONVERSION = YES;
				GCC_WARN_ABOUT_RETURN_TYPE = YES_ERROR;
				GCC_WARN_UNDECLARED_SELECTOR = YES;
				GCC_WARN_UNINITIALIZED_AUTOS = YES_AGGRESSIVE;
				GCC_WARN_UNUSED_FUNCTION = YES;
				GCC_WARN_UNUSED_VARIABLE = YES;
				IPHONEOS_DEPLOYMENT_TARGET = 13.0;
				MTL_ENABLE_DEBUG_INFO = INCLUDE_SOURCE;
				MTL_FAST_MATH = YES;
				ONLY_ACTIVE_ARCH = YES;
				SDKROOT = iphoneos;
				SWIFT_ACTIVE_COMPILATION_CONDITIONS = DEBUG;
				SWIFT_OPTIMIZATION_LEVEL = "-Onone";
			};
			name = Debug;
		};
		A4160F762754A8D30018243A /* Release */ = {
			isa = XCBuildConfiguration;
			buildSettings = {
				ALWAYS_SEARCH_USER_PATHS = NO;
				CLANG_ANALYZER_NONNULL = YES;
				CLANG_ANALYZER_NUMBER_OBJECT_CONVERSION = YES_AGGRESSIVE;
				CLANG_CXX_LANGUAGE_STANDARD = "gnu++17";
				CLANG_CXX_LIBRARY = "libc++";
				CLANG_ENABLE_MODULES = YES;
				CLANG_ENABLE_OBJC_ARC = YES;
				CLANG_ENABLE_OBJC_WEAK = YES;
				CLANG_WARN_BLOCK_CAPTURE_AUTORELEASING = YES;
				CLANG_WARN_BOOL_CONVERSION = YES;
				CLANG_WARN_COMMA = YES;
				CLANG_WARN_CONSTANT_CONVERSION = YES;
				CLANG_WARN_DEPRECATED_OBJC_IMPLEMENTATIONS = YES;
				CLANG_WARN_DIRECT_OBJC_ISA_USAGE = YES_ERROR;
				CLANG_WARN_DOCUMENTATION_COMMENTS = YES;
				CLANG_WARN_EMPTY_BODY = YES;
				CLANG_WARN_ENUM_CONVERSION = YES;
				CLANG_WARN_INFINITE_RECURSION = YES;
				CLANG_WARN_INT_CONVERSION = YES;
				CLANG_WARN_NON_LITERAL_NULL_CONVERSION = YES;
				CLANG_WARN_OBJC_IMPLICIT_RETAIN_SELF = YES;
				CLANG_WARN_OBJC_LITERAL_CONVERSION = YES;
				CLANG_WARN_OBJC_ROOT_CLASS = YES_ERROR;
				CLANG_WARN_QUOTED_INCLUDE_IN_FRAMEWORK_HEADER = YES;
				CLANG_WARN_RANGE_LOOP_ANALYSIS = YES;
				CLANG_WARN_STRICT_PROTOTYPES = YES;
				CLANG_WARN_SUSPICIOUS_MOVE = YES;
				CLANG_WARN_UNGUARDED_AVAILABILITY = YES_AGGRESSIVE;
				CLANG_WARN_UNREACHABLE_CODE = YES;
				CLANG_WARN__DUPLICATE_METHOD_MATCH = YES;
				COPY_PHASE_STRIP = NO;
				DEBUG_INFORMATION_FORMAT = "dwarf-with-dsym";
				ENABLE_NS_ASSERTIONS = NO;
				ENABLE_STRICT_OBJC_MSGSEND = YES;
				GCC_C_LANGUAGE_STANDARD = gnu11;
				GCC_NO_COMMON_BLOCKS = YES;
				GCC_WARN_64_TO_32_BIT_CONVERSION = YES;
				GCC_WARN_ABOUT_RETURN_TYPE = YES_ERROR;
				GCC_WARN_UNDECLARED_SELECTOR = YES;
				GCC_WARN_UNINITIALIZED_AUTOS = YES_AGGRESSIVE;
				GCC_WARN_UNUSED_FUNCTION = YES;
				GCC_WARN_UNUSED_VARIABLE = YES;
				IPHONEOS_DEPLOYMENT_TARGET = 13.0;
				MTL_ENABLE_DEBUG_INFO = NO;
				MTL_FAST_MATH = YES;
				SDKROOT = iphoneos;
				SWIFT_COMPILATION_MODE = wholemodule;
				SWIFT_OPTIMIZATION_LEVEL = "-O";
				VALIDATE_PRODUCT = YES;
			};
			name = Release;
		};
		A4160F782754A8D30018243A /* Debug */ = {
			isa = XCBuildConfiguration;
			buildSettings = {
				ASSETCATALOG_COMPILER_APPICON_NAME = AppIcon;
				ASSETCATALOG_COMPILER_GLOBAL_ACCENT_COLOR_NAME = AccentColor;
				CODE_SIGN_STYLE = Automatic;
				CURRENT_PROJECT_VERSION = 1;
				DEVELOPMENT_TEAM = Y8KAH3Y36X;
				GENERATE_INFOPLIST_FILE = YES;
				INFOPLIST_FILE = CustomKeyboard/Info.plist;
				INFOPLIST_KEY_UIApplicationSupportsIndirectInputEvents = YES;
				INFOPLIST_KEY_UILaunchStoryboardName = LaunchScreen;
				INFOPLIST_KEY_UIMainStoryboardFile = Main;
				INFOPLIST_KEY_UISupportedInterfaceOrientations_iPad = "UIInterfaceOrientationPortrait UIInterfaceOrientationPortraitUpsideDown UIInterfaceOrientationLandscapeLeft UIInterfaceOrientationLandscapeRight";
				INFOPLIST_KEY_UISupportedInterfaceOrientations_iPhone = "UIInterfaceOrientationPortrait UIInterfaceOrientationLandscapeLeft UIInterfaceOrientationLandscapeRight";
				IPHONEOS_DEPLOYMENT_TARGET = 13.0;
				LD_RUNPATH_SEARCH_PATHS = (
					"$(inherited)",
					"@executable_path/Frameworks",
				);
				MARKETING_VERSION = 1.0;
				PRODUCT_BUNDLE_IDENTIFIER = com.dzakdzaks.CustomKeyboard;
				PRODUCT_NAME = "$(TARGET_NAME)";
				SWIFT_EMIT_LOC_STRINGS = YES;
				SWIFT_VERSION = 5.0;
				TARGETED_DEVICE_FAMILY = "1,2";
			};
			name = Debug;
		};
		A4160F792754A8D30018243A /* Release */ = {
			isa = XCBuildConfiguration;
			buildSettings = {
				ASSETCATALOG_COMPILER_APPICON_NAME = AppIcon;
				ASSETCATALOG_COMPILER_GLOBAL_ACCENT_COLOR_NAME = AccentColor;
				CODE_SIGN_STYLE = Automatic;
				CURRENT_PROJECT_VERSION = 1;
				DEVELOPMENT_TEAM = Y8KAH3Y36X;
				GENERATE_INFOPLIST_FILE = YES;
				INFOPLIST_FILE = CustomKeyboard/Info.plist;
				INFOPLIST_KEY_UIApplicationSupportsIndirectInputEvents = YES;
				INFOPLIST_KEY_UILaunchStoryboardName = LaunchScreen;
				INFOPLIST_KEY_UIMainStoryboardFile = Main;
				INFOPLIST_KEY_UISupportedInterfaceOrientations_iPad = "UIInterfaceOrientationPortrait UIInterfaceOrientationPortraitUpsideDown UIInterfaceOrientationLandscapeLeft UIInterfaceOrientationLandscapeRight";
				INFOPLIST_KEY_UISupportedInterfaceOrientations_iPhone = "UIInterfaceOrientationPortrait UIInterfaceOrientationLandscapeLeft UIInterfaceOrientationLandscapeRight";
				IPHONEOS_DEPLOYMENT_TARGET = 13.0;
				LD_RUNPATH_SEARCH_PATHS = (
					"$(inherited)",
					"@executable_path/Frameworks",
				);
				MARKETING_VERSION = 1.0;
				PRODUCT_BUNDLE_IDENTIFIER = com.dzakdzaks.CustomKeyboard;
				PRODUCT_NAME = "$(TARGET_NAME)";
				SWIFT_EMIT_LOC_STRINGS = YES;
				SWIFT_VERSION = 5.0;
				TARGETED_DEVICE_FAMILY = "1,2";
			};
			name = Release;
		};
		A4160F7B2754A8D30018243A /* Debug */ = {
			isa = XCBuildConfiguration;
			buildSettings = {
				ALWAYS_EMBED_SWIFT_STANDARD_LIBRARIES = YES;
				BUNDLE_LOADER = "$(TEST_HOST)";
				CODE_SIGN_STYLE = Automatic;
				CURRENT_PROJECT_VERSION = 1;
				DEVELOPMENT_TEAM = Y8KAH3Y36X;
				GENERATE_INFOPLIST_FILE = YES;
				IPHONEOS_DEPLOYMENT_TARGET = 15.0;
				LD_RUNPATH_SEARCH_PATHS = (
					"$(inherited)",
					"@executable_path/Frameworks",
					"@loader_path/Frameworks",
				);
				MARKETING_VERSION = 1.0;
				PRODUCT_BUNDLE_IDENTIFIER = com.dzakdzaks.CustomKeyboardTests;
				PRODUCT_NAME = "$(TARGET_NAME)";
				SWIFT_EMIT_LOC_STRINGS = NO;
				SWIFT_VERSION = 5.0;
				TARGETED_DEVICE_FAMILY = "1,2";
				TEST_HOST = "$(BUILT_PRODUCTS_DIR)/CustomKeyboard.app/CustomKeyboard";
			};
			name = Debug;
		};
		A4160F7C2754A8D30018243A /* Release */ = {
			isa = XCBuildConfiguration;
			buildSettings = {
				ALWAYS_EMBED_SWIFT_STANDARD_LIBRARIES = YES;
				BUNDLE_LOADER = "$(TEST_HOST)";
				CODE_SIGN_STYLE = Automatic;
				CURRENT_PROJECT_VERSION = 1;
				DEVELOPMENT_TEAM = Y8KAH3Y36X;
				GENERATE_INFOPLIST_FILE = YES;
				IPHONEOS_DEPLOYMENT_TARGET = 15.0;
				LD_RUNPATH_SEARCH_PATHS = (
					"$(inherited)",
					"@executable_path/Frameworks",
					"@loader_path/Frameworks",
				);
				MARKETING_VERSION = 1.0;
				PRODUCT_BUNDLE_IDENTIFIER = com.dzakdzaks.CustomKeyboardTests;
				PRODUCT_NAME = "$(TARGET_NAME)";
				SWIFT_EMIT_LOC_STRINGS = NO;
				SWIFT_VERSION = 5.0;
				TARGETED_DEVICE_FAMILY = "1,2";
				TEST_HOST = "$(BUILT_PRODUCTS_DIR)/CustomKeyboard.app/CustomKeyboard";
			};
			name = Release;
		};
		A4160F7E2754A8D30018243A /* Debug */ = {
			isa = XCBuildConfiguration;
			buildSettings = {
				ALWAYS_EMBED_SWIFT_STANDARD_LIBRARIES = YES;
				CODE_SIGN_STYLE = Automatic;
				CURRENT_PROJECT_VERSION = 1;
				DEVELOPMENT_TEAM = Y8KAH3Y36X;
				GENERATE_INFOPLIST_FILE = YES;
				LD_RUNPATH_SEARCH_PATHS = (
					"$(inherited)",
					"@executable_path/Frameworks",
					"@loader_path/Frameworks",
				);
				MARKETING_VERSION = 1.0;
				PRODUCT_BUNDLE_IDENTIFIER = com.dzakdzaks.CustomKeyboardUITests;
				PRODUCT_NAME = "$(TARGET_NAME)";
				SWIFT_EMIT_LOC_STRINGS = NO;
				SWIFT_VERSION = 5.0;
				TARGETED_DEVICE_FAMILY = "1,2";
				TEST_TARGET_NAME = CustomKeyboard;
			};
			name = Debug;
		};
		A4160F7F2754A8D30018243A /* Release */ = {
			isa = XCBuildConfiguration;
			buildSettings = {
				ALWAYS_EMBED_SWIFT_STANDARD_LIBRARIES = YES;
				CODE_SIGN_STYLE = Automatic;
				CURRENT_PROJECT_VERSION = 1;
				DEVELOPMENT_TEAM = Y8KAH3Y36X;
				GENERATE_INFOPLIST_FILE = YES;
				LD_RUNPATH_SEARCH_PATHS = (
					"$(inherited)",
					"@executable_path/Frameworks",
					"@loader_path/Frameworks",
				);
				MARKETING_VERSION = 1.0;
				PRODUCT_BUNDLE_IDENTIFIER = com.dzakdzaks.CustomKeyboardUITests;
				PRODUCT_NAME = "$(TARGET_NAME)";
				SWIFT_EMIT_LOC_STRINGS = NO;
				SWIFT_VERSION = 5.0;
				TARGETED_DEVICE_FAMILY = "1,2";
				TEST_TARGET_NAME = CustomKeyboard;
			};
			name = Release;
		};
/* End XCBuildConfiguration section */

/* Begin XCConfigurationList section */
		A4160F482754A8CF0018243A /* Build configuration list for PBXProject "CustomKeyboard" */ = {
			isa = XCConfigurationList;
			buildConfigurations = (
				A4160F752754A8D30018243A /* Debug */,
				A4160F762754A8D30018243A /* Release */,
			);
			defaultConfigurationIsVisible = 0;
			defaultConfigurationName = Release;
		};
		A4160F772754A8D30018243A /* Build configuration list for PBXNativeTarget "CustomKeyboard" */ = {
			isa = XCConfigurationList;
			buildConfigurations = (
				A4160F782754A8D30018243A /* Debug */,
				A4160F792754A8D30018243A /* Release */,
			);
			defaultConfigurationIsVisible = 0;
			defaultConfigurationName = Release;
		};
		A4160F7A2754A8D30018243A /* Build configuration list for PBXNativeTarget "CustomKeyboardTests" */ = {
			isa = XCConfigurationList;
			buildConfigurations = (
				A4160F7B2754A8D30018243A /* Debug */,
				A4160F7C2754A8D30018243A /* Release */,
			);
			defaultConfigurationIsVisible = 0;
			defaultConfigurationName = Release;
		};
		A4160F7D2754A8D30018243A /* Build configuration list for PBXNativeTarget "CustomKeyboardUITests" */ = {
			isa = XCConfigurationList;
			buildConfigurations = (
				A4160F7E2754A8D30018243A /* Debug */,
				A4160F7F2754A8D30018243A /* Release */,
			);
			defaultConfigurationIsVisible = 0;
			defaultConfigurationName = Release;
		};
/* End XCConfigurationList section */
	};
	rootObject = A4160F452754A8CF0018243A /* Project object */;
}
